
Microsoft Visual Studio Solution File, Format Version 12.00
# Visual Studio Version 17
VisualStudioVersion = 17.7.34024.191
MinimumVisualStudioVersion = 10.0.40219.1
Project("{FAE04EC0-301F-11D3-BF4B-00C04F79EFBC}") = "Поиск данных в таблице", "Поиск данных в таблице.csproj", "{682B2856-185B-4B64-968A-88E2B0D0CCF9}"
EndProject
Global
	GlobalSection(SolutionConfigurationPlatforms) = preSolution
		Debug|Any CPU = Debug|Any CPU
		Release|Any CPU = Release|Any CPU
	EndGlobalSection
	GlobalSection(ProjectConfigurationPlatforms) = postSolution
		{682B2856-185B-4B64-968A-88E2B0D0CCF9}.Debug|Any CPU.ActiveCfg = Debug|Any CPU
		{682B2856-185B-4B64-968A-88E2B0D0CCF9}.Debug|Any CPU.Build.0 = Debug|Any CPU
		{682B2856-185B-4B64-968A-88E2B0D0CCF9}.Release|Any CPU.ActiveCfg = Release|Any CPU
		{682B2856-185B-4B64-968A-88E2B0D0CCF9}.Release|Any CPU.Build.0 = Release|Any CPU
	EndGlobalSection
	GlobalSection(SolutionProperties) = preSolution
		HideSolutionNode = FALSE
	EndGlobalSection
	GlobalSection(ExtensibilityGlobals) = postSolution
		SolutionGuid = {57A170AE-C6E6-4212-B943-530B33E7BCAC}
	EndGlobalSection
EndGlobal
